
Microsoft Visual Studio Solution File, Format Version 12.00
# Visual Studio Version 17
VisualStudioVersion = 17.10.35004.147
MinimumVisualStudioVersion = 10.0.40219.1
Project("{FAE04EC0-301F-11D3-BF4B-00C04F79EFBC}") = "TISS_Web", "TISS_Web\TISS_Web.csproj", "{CD7FD68E-018E-4FBD-8EAB-DBA57ADFCA37}"
EndProject
Global
	GlobalSection(SolutionConfigurationPlatforms) = preSolution
		Debug|Any CPU = Debug|Any CPU
		Release|Any CPU = Release|Any CPU
	EndGlobalSection
	GlobalSection(ProjectConfigurationPlatforms) = postSolution
		{CD7FD68E-018E-4FBD-8EAB-DBA57ADFCA37}.Debug|Any CPU.ActiveCfg = Debug|Any CPU
		{CD7FD68E-018E-4FBD-8EAB-DBA57ADFCA37}.Debug|Any CPU.Build.0 = Debug|Any CPU
		{CD7FD68E-018E-4FBD-8EAB-DBA57ADFCA37}.Release|Any CPU.ActiveCfg = Release|Any CPU
		{CD7FD68E-018E-4FBD-8EAB-DBA57ADFCA37}.Release|Any CPU.Build.0 = Release|Any CPU
	EndGlobalSection
	GlobalSection(SolutionProperties) = preSolution
		HideSolutionNode = FALSE
	EndGlobalSection
	GlobalSection(ExtensibilityGlobals) = postSolution
		SolutionGuid = {3DDFB5E0-CAC3-48CC-9FF0-4706ED181DB0}
	EndGlobalSection
EndGlobal
